
Microsoft Visual Studio Solution File, Format Version 12.00
# Visual Studio Version 17
VisualStudioVersion = 17.10.35013.160
MinimumVisualStudioVersion = 10.0.40219.1
Project("{9A19103F-16F7-4668-BE54-9A1E7A4F7556}") = "Proyect", "Proyect\Proyect.csproj", "{7F1D2829-6601-4467-BA4C-6AB6077F253A}"
EndProject
Project("{9A19103F-16F7-4668-BE54-9A1E7A4F7556}") = "TaskProject1", "TestProject1\TaskProject1.csproj", "{D3C39C62-A7E7-48B9-9798-B1AC720DBBA6}"
EndProject
Project("{9A19103F-16F7-4668-BE54-9A1E7A4F7556}") = "Proyect.Data", "Proyect.DATA\Proyect.Data.csproj", "{2B02682A-6405-49C4-ADC0-E81086882858}"
EndProject
Project("{9A19103F-16F7-4668-BE54-9A1E7A4F7556}") = "Proyect.Core", "Proyect.CORE\Proyect.Core.csproj", "{B46286DA-C06C-48DC-ACB5-D0EE633881F2}"
EndProject
Project("{9A19103F-16F7-4668-BE54-9A1E7A4F7556}") = "Proyect.Service", "Proyect.Service\Proyect.Service.csproj", "{C15E08B6-3634-4746-A91A-8087E8FB38EC}"
EndProject
Global
	GlobalSection(SolutionConfigurationPlatforms) = preSolution
		Debug|Any CPU = Debug|Any CPU
		Release|Any CPU = Release|Any CPU
	EndGlobalSection
	GlobalSection(ProjectConfigurationPlatforms) = postSolution
		{7F1D2829-6601-4467-BA4C-6AB6077F253A}.Debug|Any CPU.ActiveCfg = Debug|Any CPU
		{7F1D2829-6601-4467-BA4C-6AB6077F253A}.Debug|Any CPU.Build.0 = Debug|Any CPU
		{7F1D2829-6601-4467-BA4C-6AB6077F253A}.Release|Any CPU.ActiveCfg = Release|Any CPU
		{7F1D2829-6601-4467-BA4C-6AB6077F253A}.Release|Any CPU.Build.0 = Release|Any CPU
		{D3C39C62-A7E7-48B9-9798-B1AC720DBBA6}.Debug|Any CPU.ActiveCfg = Debug|Any CPU
		{D3C39C62-A7E7-48B9-9798-B1AC720DBBA6}.Debug|Any CPU.Build.0 = Debug|Any CPU
		{D3C39C62-A7E7-48B9-9798-B1AC720DBBA6}.Release|Any CPU.ActiveCfg = Release|Any CPU
		{D3C39C62-A7E7-48B9-9798-B1AC720DBBA6}.Release|Any CPU.Build.0 = Release|Any CPU
		{2B02682A-6405-49C4-ADC0-E81086882858}.Debug|Any CPU.ActiveCfg = Debug|Any CPU
		{2B02682A-6405-49C4-ADC0-E81086882858}.Debug|Any CPU.Build.0 = Debug|Any CPU
		{2B02682A-6405-49C4-ADC0-E81086882858}.Release|Any CPU.ActiveCfg = Release|Any CPU
		{2B02682A-6405-49C4-ADC0-E81086882858}.Release|Any CPU.Build.0 = Release|Any CPU
		{B46286DA-C06C-48DC-ACB5-D0EE633881F2}.Debug|Any CPU.ActiveCfg = Debug|Any CPU
		{B46286DA-C06C-48DC-ACB5-D0EE633881F2}.Debug|Any CPU.Build.0 = Debug|Any CPU
		{B46286DA-C06C-48DC-ACB5-D0EE633881F2}.Release|Any CPU.ActiveCfg = Release|Any CPU
		{B46286DA-C06C-48DC-ACB5-D0EE633881F2}.Release|Any CPU.Build.0 = Release|Any CPU
		{C15E08B6-3634-4746-A91A-8087E8FB38EC}.Debug|Any CPU.ActiveCfg = Debug|Any CPU
		{C15E08B6-3634-4746-A91A-8087E8FB38EC}.Debug|Any CPU.Build.0 = Debug|Any CPU
		{C15E08B6-3634-4746-A91A-8087E8FB38EC}.Release|Any CPU.ActiveCfg = Release|Any CPU
		{C15E08B6-3634-4746-A91A-8087E8FB38EC}.Release|Any CPU.Build.0 = Release|Any CPU
	EndGlobalSection
	GlobalSection(SolutionProperties) = preSolution
		HideSolutionNode = FALSE
	EndGlobalSection
	GlobalSection(ExtensibilityGlobals) = postSolution
		SolutionGuid = {E8741A0F-5948-4A26-8C43-98CFBF165004}
	EndGlobalSection
EndGlobal
